
Microsoft Visual Studio Solution File, Format Version 12.00
# Visual Studio Version 17
VisualStudioVersion = 17.14.36429.23 d17.14
MinimumVisualStudioVersion = 10.0.40219.1
Project("{FAE04EC0-301F-11D3-BF4B-00C04F79EFBC}") = "EFCodeFirstDemo", "EFCodeFirstDemo\EFCodeFirstDemo.csproj", "{E760A8C2-368D-4DC1-96F2-F5EE06CDC3F5}"
EndProject
Global
	GlobalSection(SolutionConfigurationPlatforms) = preSolution
		Debug|Any CPU = Debug|Any CPU
		Release|Any CPU = Release|Any CPU
	EndGlobalSection
	GlobalSection(ProjectConfigurationPlatforms) = postSolution
		{E760A8C2-368D-4DC1-96F2-F5EE06CDC3F5}.Debug|Any CPU.ActiveCfg = Debug|Any CPU
		{E760A8C2-368D-4DC1-96F2-F5EE06CDC3F5}.Debug|Any CPU.Build.0 = Debug|Any CPU
		{E760A8C2-368D-4DC1-96F2-F5EE06CDC3F5}.Release|Any CPU.ActiveCfg = Release|Any CPU
		{E760A8C2-368D-4DC1-96F2-F5EE06CDC3F5}.Release|Any CPU.Build.0 = Release|Any CPU
	EndGlobalSection
	GlobalSection(SolutionProperties) = preSolution
		HideSolutionNode = FALSE
	EndGlobalSection
	GlobalSection(ExtensibilityGlobals) = postSolution
		SolutionGuid = {13FF457A-350E-4DE0-91ED-295C3B9F0DBE}
	EndGlobalSection
EndGlobal
